// !$*UTF8*$!
{
	archiveVersion = 1;
	classes = {
	};
	objectVersion = 51;
	objects = {

/* Begin PBXBuildFile section */
		48173AF1CCCEC77341054152 /* Pods_TheMovieDbTests.framework in Frameworks */ = {isa = PBXBuildFile; fileRef = B5BB30DBB5EC0F23FCCAFA20 /* Pods_TheMovieDbTests.framework */; };
		7876B75D377216595108A5A3 /* Pods_TheMovieDbHomeUITests.framework in Frameworks */ = {isa = PBXBuildFile; fileRef = E84BD90E166EB038A065A01F /* Pods_TheMovieDbHomeUITests.framework */; };
		8433BD0C2317F52000A52CBB /* AppDelegate.swift in Sources */ = {isa = PBXBuildFile; fileRef = 8433BD0B2317F52000A52CBB /* AppDelegate.swift */; };
		8433BD0E2317F52000A52CBB /* ViewController.swift in Sources */ = {isa = PBXBuildFile; fileRef = 8433BD0D2317F52000A52CBB /* ViewController.swift */; };
		8433BD112317F52000A52CBB /* Main.storyboard in Resources */ = {isa = PBXBuildFile; fileRef = 8433BD0F2317F52000A52CBB /* Main.storyboard */; };
		8433BD132317F53500A52CBB /* Assets.xcassets in Resources */ = {isa = PBXBuildFile; fileRef = 8433BD122317F53500A52CBB /* Assets.xcassets */; };
		8433BD162317F53500A52CBB /* LaunchScreen.storyboard in Resources */ = {isa = PBXBuildFile; fileRef = 8433BD142317F53500A52CBB /* LaunchScreen.storyboard */; };
		8433BD212317F53600A52CBB /* TheMovieDbTests.swift in Sources */ = {isa = PBXBuildFile; fileRef = 8433BD202317F53600A52CBB /* TheMovieDbTests.swift */; };
		8433BD3B2318037B00A52CBB /* HomeStoryBoard.storyboard in Resources */ = {isa = PBXBuildFile; fileRef = 8433BD3A2318037B00A52CBB /* HomeStoryBoard.storyboard */; };
		84CEFA03231939F000AF5C4C /* HomeTableViewCell.swift in Sources */ = {isa = PBXBuildFile; fileRef = 84CEFA02231939F000AF5C4C /* HomeTableViewCell.swift */; };
		84F274E4231B18A70090EFA8 /* DetailsViewController.swift in Sources */ = {isa = PBXBuildFile; fileRef = 84F274E3231B18A70090EFA8 /* DetailsViewController.swift */; };
		84F274E6231B1A8A0090EFA8 /* Details_Storyboard.storyboard in Resources */ = {isa = PBXBuildFile; fileRef = 84F274E5231B1A8A0090EFA8 /* Details_Storyboard.storyboard */; };
		84F274E8231B23F00090EFA8 /* SavePhotoViewContoller.swift in Sources */ = {isa = PBXBuildFile; fileRef = 84F274E7231B23F00090EFA8 /* SavePhotoViewContoller.swift */; };
		9208F095234DE247006BF48F /* ImagesResponse.swift in Sources */ = {isa = PBXBuildFile; fileRef = 9208F094234DE247006BF48F /* ImagesResponse.swift */; };
		9208F097234DEB26006BF48F /* MoyaService.swift in Sources */ = {isa = PBXBuildFile; fileRef = 9208F096234DEB26006BF48F /* MoyaService.swift */; };
		923921192327980B008D6ECD /* HomeViewController.swift in Sources */ = {isa = PBXBuildFile; fileRef = 923921182327980B008D6ECD /* HomeViewController.swift */; };
		9239211C23279F4F008D6ECD /* Network.swift in Sources */ = {isa = PBXBuildFile; fileRef = 9239211B23279F4F008D6ECD /* Network.swift */; };
		923921222327A86A008D6ECD /* GetActorsDelegate.swift in Sources */ = {isa = PBXBuildFile; fileRef = 923921202327A86A008D6ECD /* GetActorsDelegate.swift */; };
		924A4C99232E782F000BFFF4 /* HomePresenter.swift in Sources */ = {isa = PBXBuildFile; fileRef = 924A4C98232E782F000BFFF4 /* HomePresenter.swift */; };
		924A4C9B232E785C000BFFF4 /* HomeViewProtocol.swift in Sources */ = {isa = PBXBuildFile; fileRef = 924A4C9A232E785C000BFFF4 /* HomeViewProtocol.swift */; };
		924A4C9D232E7871000BFFF4 /* HomeModelProtocol.swift in Sources */ = {isa = PBXBuildFile; fileRef = 924A4C9C232E7871000BFFF4 /* HomeModelProtocol.swift */; };
		924A4CA3232E7976000BFFF4 /* HomeModel.swift in Sources */ = {isa = PBXBuildFile; fileRef = 924A4CA2232E7976000BFFF4 /* HomeModel.swift */; };
		924A4CA5232E7A59000BFFF4 /* Actor.swift in Sources */ = {isa = PBXBuildFile; fileRef = 924A4CA4232E7A59000BFFF4 /* Actor.swift */; };
		924A4CA7232E7A7A000BFFF4 /* ActorDetails.swift in Sources */ = {isa = PBXBuildFile; fileRef = 924A4CA6232E7A7A000BFFF4 /* ActorDetails.swift */; };
		924AE1B423379E0300B60747 /* ModelMock.swift in Sources */ = {isa = PBXBuildFile; fileRef = 924AE1B323379E0300B60747 /* ModelMock.swift */; };
		924AE1B623379E1000B60747 /* ViewMock.swift in Sources */ = {isa = PBXBuildFile; fileRef = 924AE1B523379E1000B60747 /* ViewMock.swift */; };
		924AE1B82337B9A700B60747 /* HomePresenterTest.swift in Sources */ = {isa = PBXBuildFile; fileRef = 924AE1B72337B9A700B60747 /* HomePresenterTest.swift */; };
		924AE1BA2337BC5E00B60747 /* response.json in Resources */ = {isa = PBXBuildFile; fileRef = 924AE1B92337BC5E00B60747 /* response.json */; };
		924AE1BE2337BDB900B60747 /* emptyResponse.json in Resources */ = {isa = PBXBuildFile; fileRef = 924AE1BD2337BDB900B60747 /* emptyResponse.json */; };
		92A0BD702332152B0095AC5B /* savePhotoModel.swift in Sources */ = {isa = PBXBuildFile; fileRef = 92A0BD6F2332152B0095AC5B /* savePhotoModel.swift */; };
		92A0BD72233215480095AC5B /* SavePhotoPresenter.swift in Sources */ = {isa = PBXBuildFile; fileRef = 92A0BD71233215470095AC5B /* SavePhotoPresenter.swift */; };
		92A0BD742332155A0095AC5B /* SavePhotoViewProtocol.swift in Sources */ = {isa = PBXBuildFile; fileRef = 92A0BD732332155A0095AC5B /* SavePhotoViewProtocol.swift */; };
		92A0BD7C233216200095AC5B /* SavePhotoModelProtocol.swift in Sources */ = {isa = PBXBuildFile; fileRef = 92A0BD7B233216200095AC5B /* SavePhotoModelProtocol.swift */; };
		92A0BD7E233216410095AC5B /* SavePhotoPresenterProtocol.swift in Sources */ = {isa = PBXBuildFile; fileRef = 92A0BD7D233216410095AC5B /* SavePhotoPresenterProtocol.swift */; };
		92A97C602330BD2100176B81 /* DetailsModel.swift in Sources */ = {isa = PBXBuildFile; fileRef = 92A97C5F2330BD2100176B81 /* DetailsModel.swift */; };
		92A97C632330BDBE00176B81 /* DetailsViewProtocol.swift in Sources */ = {isa = PBXBuildFile; fileRef = 92A97C622330BDBE00176B81 /* DetailsViewProtocol.swift */; };
		92A97C652330BDD400176B81 /* DetailsModelProtocol.swift in Sources */ = {isa = PBXBuildFile; fileRef = 92A97C642330BDD400176B81 /* DetailsModelProtocol.swift */; };
		92A97C672330BDEF00176B81 /* DetailsPresenterProtocol.swift in Sources */ = {isa = PBXBuildFile; fileRef = 92A97C662330BDEF00176B81 /* DetailsPresenterProtocol.swift */; };
		92A97C692330C8B100176B81 /* DetailsPresenterImplementation.swift in Sources */ = {isa = PBXBuildFile; fileRef = 92A97C682330C8B100176B81 /* DetailsPresenterImplementation.swift */; };
		92B5AE692338BDF400D70671 /* HomeModelTest.swift in Sources */ = {isa = PBXBuildFile; fileRef = 92B5AE682338BDF400D70671 /* HomeModelTest.swift */; };
		92BC7FB12328CE9700C15EDD /* DetailsCollectionViewCell.swift in Sources */ = {isa = PBXBuildFile; fileRef = 92BC7FB02328CE9700C15EDD /* DetailsCollectionViewCell.swift */; };
		92BC7FB32328CEB100C15EDD /* DetailsCollectionReusableView.swift in Sources */ = {isa = PBXBuildFile; fileRef = 92BC7FB22328CEB100C15EDD /* DetailsCollectionReusableView.swift */; };
		92E9D319232F80E60081C71A /* HomePresenterProtocol.swift in Sources */ = {isa = PBXBuildFile; fileRef = 92E9D318232F80E60081C71A /* HomePresenterProtocol.swift */; };
		92E9D31B232FA0880081C71A /* HomeCellPresenterImplementation.swift in Sources */ = {isa = PBXBuildFile; fileRef = 92E9D31A232FA0880081C71A /* HomeCellPresenterImplementation.swift */; };
		92E9D322232FA1620081C71A /* homeCellViewProtocol.swift in Sources */ = {isa = PBXBuildFile; fileRef = 92E9D321232FA1620081C71A /* homeCellViewProtocol.swift */; };
		92E9D324232FA18A0081C71A /* homeCellPresenterProtocol.swift in Sources */ = {isa = PBXBuildFile; fileRef = 92E9D323232FA18A0081C71A /* homeCellPresenterProtocol.swift */; };
		92E9D326232FA1A40081C71A /* homeCellModelProtocol.swift in Sources */ = {isa = PBXBuildFile; fileRef = 92E9D325232FA1A40081C71A /* homeCellModelProtocol.swift */; };
		92EF4FF4233B6CC60088F873 /* TheMovieDbHomeUITests.swift in Sources */ = {isa = PBXBuildFile; fileRef = 92EF4FF3233B6CC60088F873 /* TheMovieDbHomeUITests.swift */; };
		92FC2562231E7FB40019A3E9 /* CALayer+extensions.swift in Sources */ = {isa = PBXBuildFile; fileRef = 92FC2561231E7FB40019A3E9 /* CALayer+extensions.swift */; };
		F349F0753F76856A31AE27BB /* Pods_TheMovieDb.framework in Frameworks */ = {isa = PBXBuildFile; fileRef = EDB5C4D7A9973782513D36C5 /* Pods_TheMovieDb.framework */; };
/* End PBXBuildFile section */

/* Begin PBXContainerItemProxy section */
		8433BD1D2317F53600A52CBB /* PBXContainerItemProxy */ = {
			isa = PBXContainerItemProxy;
			containerPortal = 8433BD002317F51F00A52CBB /* Project object */;
			proxyType = 1;
			remoteGlobalIDString = 8433BD072317F51F00A52CBB;
			remoteInfo = TheMovieDb;
		};
		92EF4FF6233B6CC60088F873 /* PBXContainerItemProxy */ = {
			isa = PBXContainerItemProxy;
			containerPortal = 8433BD002317F51F00A52CBB /* Project object */;
			proxyType = 1;
			remoteGlobalIDString = 8433BD072317F51F00A52CBB;
			remoteInfo = TheMovieDb;
		};
/* End PBXContainerItemProxy section */

/* Begin PBXFileReference section */
		15FEA7411FD83EE391565433 /* Pods-TheMovieDbUITests.release.xcconfig */ = {isa = PBXFileReference; includeInIndex = 1; lastKnownFileType = text.xcconfig; name = "Pods-TheMovieDbUITests.release.xcconfig"; path = "Target Support Files/Pods-TheMovieDbUITests/Pods-TheMovieDbUITests.release.xcconfig"; sourceTree = "<group>"; };
		391D5047C630DF80A8B8FC9E /* Pods-TheMovieDbUITests.debug.xcconfig */ = {isa = PBXFileReference; includeInIndex = 1; lastKnownFileType = text.xcconfig; name = "Pods-TheMovieDbUITests.debug.xcconfig"; path = "Target Support Files/Pods-TheMovieDbUITests/Pods-TheMovieDbUITests.debug.xcconfig"; sourceTree = "<group>"; };
		4C7A208DDB48D9F321EBC9E9 /* Pods-TheMovieDb.debug.xcconfig */ = {isa = PBXFileReference; includeInIndex = 1; lastKnownFileType = text.xcconfig; name = "Pods-TheMovieDb.debug.xcconfig"; path = "Target Support Files/Pods-TheMovieDb/Pods-TheMovieDb.debug.xcconfig"; sourceTree = "<group>"; };
		664B76A6D3034518A73D0F2D /* Pods-TheMovieDbHomeUITests.release.xcconfig */ = {isa = PBXFileReference; includeInIndex = 1; lastKnownFileType = text.xcconfig; name = "Pods-TheMovieDbHomeUITests.release.xcconfig"; path = "Target Support Files/Pods-TheMovieDbHomeUITests/Pods-TheMovieDbHomeUITests.release.xcconfig"; sourceTree = "<group>"; };
		8433BD082317F51F00A52CBB /* TheMovieDb.app */ = {isa = PBXFileReference; explicitFileType = wrapper.application; includeInIndex = 0; path = TheMovieDb.app; sourceTree = BUILT_PRODUCTS_DIR; };
		8433BD0B2317F52000A52CBB /* AppDelegate.swift */ = {isa = PBXFileReference; lastKnownFileType = sourcecode.swift; path = AppDelegate.swift; sourceTree = "<group>"; };
		8433BD0D2317F52000A52CBB /* ViewController.swift */ = {isa = PBXFileReference; lastKnownFileType = sourcecode.swift; path = ViewController.swift; sourceTree = "<group>"; };
		8433BD102317F52000A52CBB /* Base */ = {isa = PBXFileReference; lastKnownFileType = file.storyboard; name = Base; path = Base.lproj/Main.storyboard; sourceTree = "<group>"; };
		8433BD122317F53500A52CBB /* Assets.xcassets */ = {isa = PBXFileReference; lastKnownFileType = folder.assetcatalog; path = Assets.xcassets; sourceTree = "<group>"; };
		8433BD152317F53500A52CBB /* Base */ = {isa = PBXFileReference; lastKnownFileType = file.storyboard; name = Base; path = Base.lproj/LaunchScreen.storyboard; sourceTree = "<group>"; };
		8433BD172317F53500A52CBB /* Info.plist */ = {isa = PBXFileReference; lastKnownFileType = text.plist.xml; path = Info.plist; sourceTree = "<group>"; };
		8433BD1C2317F53600A52CBB /* TheMovieDbTests.xctest */ = {isa = PBXFileReference; explicitFileType = wrapper.cfbundle; includeInIndex = 0; path = TheMovieDbTests.xctest; sourceTree = BUILT_PRODUCTS_DIR; };
		8433BD202317F53600A52CBB /* TheMovieDbTests.swift */ = {isa = PBXFileReference; lastKnownFileType = sourcecode.swift; path = TheMovieDbTests.swift; sourceTree = "<group>"; };
		8433BD222317F53600A52CBB /* Info.plist */ = {isa = PBXFileReference; lastKnownFileType = text.plist.xml; path = Info.plist; sourceTree = "<group>"; };
		8433BD3A2318037B00A52CBB /* HomeStoryBoard.storyboard */ = {isa = PBXFileReference; lastKnownFileType = file.storyboard; path = HomeStoryBoard.storyboard; sourceTree = "<group>"; };
		84CEFA02231939F000AF5C4C /* HomeTableViewCell.swift */ = {isa = PBXFileReference; lastKnownFileType = sourcecode.swift; path = HomeTableViewCell.swift; sourceTree = "<group>"; };
		84F274E3231B18A70090EFA8 /* DetailsViewController.swift */ = {isa = PBXFileReference; lastKnownFileType = sourcecode.swift; path = DetailsViewController.swift; sourceTree = "<group>"; };
		84F274E5231B1A8A0090EFA8 /* Details_Storyboard.storyboard */ = {isa = PBXFileReference; lastKnownFileType = file.storyboard; path = Details_Storyboard.storyboard; sourceTree = "<group>"; };
		84F274E7231B23F00090EFA8 /* SavePhotoViewContoller.swift */ = {isa = PBXFileReference; lastKnownFileType = sourcecode.swift; path = SavePhotoViewContoller.swift; sourceTree = "<group>"; };
		9208F094234DE247006BF48F /* ImagesResponse.swift */ = {isa = PBXFileReference; lastKnownFileType = sourcecode.swift; path = ImagesResponse.swift; sourceTree = "<group>"; };
		9208F096234DEB26006BF48F /* MoyaService.swift */ = {isa = PBXFileReference; lastKnownFileType = sourcecode.swift; path = MoyaService.swift; sourceTree = "<group>"; };
		923921182327980B008D6ECD /* HomeViewController.swift */ = {isa = PBXFileReference; lastKnownFileType = sourcecode.swift; path = HomeViewController.swift; sourceTree = "<group>"; };
		9239211B23279F4F008D6ECD /* Network.swift */ = {isa = PBXFileReference; lastKnownFileType = sourcecode.swift; path = Network.swift; sourceTree = "<group>"; };
		923921202327A86A008D6ECD /* GetActorsDelegate.swift */ = {isa = PBXFileReference; fileEncoding = 4; lastKnownFileType = sourcecode.swift; path = GetActorsDelegate.swift; sourceTree = "<group>"; };
		924A4C98232E782F000BFFF4 /* HomePresenter.swift */ = {isa = PBXFileReference; lastKnownFileType = sourcecode.swift; path = HomePresenter.swift; sourceTree = "<group>"; };
		924A4C9A232E785C000BFFF4 /* HomeViewProtocol.swift */ = {isa = PBXFileReference; lastKnownFileType = sourcecode.swift; path = HomeViewProtocol.swift; sourceTree = "<group>"; };
		924A4C9C232E7871000BFFF4 /* HomeModelProtocol.swift */ = {isa = PBXFileReference; lastKnownFileType = sourcecode.swift; path = HomeModelProtocol.swift; sourceTree = "<group>"; };
		924A4CA2232E7976000BFFF4 /* HomeModel.swift */ = {isa = PBXFileReference; lastKnownFileType = sourcecode.swift; path = HomeModel.swift; sourceTree = "<group>"; };
		924A4CA4232E7A59000BFFF4 /* Actor.swift */ = {isa = PBXFileReference; lastKnownFileType = sourcecode.swift; path = Actor.swift; sourceTree = "<group>"; };
		924A4CA6232E7A7A000BFFF4 /* ActorDetails.swift */ = {isa = PBXFileReference; lastKnownFileType = sourcecode.swift; path = ActorDetails.swift; sourceTree = "<group>"; };
		924AE1B323379E0300B60747 /* ModelMock.swift */ = {isa = PBXFileReference; lastKnownFileType = sourcecode.swift; path = ModelMock.swift; sourceTree = "<group>"; };
		924AE1B523379E1000B60747 /* ViewMock.swift */ = {isa = PBXFileReference; lastKnownFileType = sourcecode.swift; path = ViewMock.swift; sourceTree = "<group>"; };
		924AE1B72337B9A700B60747 /* HomePresenterTest.swift */ = {isa = PBXFileReference; lastKnownFileType = sourcecode.swift; path = HomePresenterTest.swift; sourceTree = "<group>"; };
		924AE1B92337BC5E00B60747 /* response.json */ = {isa = PBXFileReference; lastKnownFileType = text.json; path = response.json; sourceTree = "<group>"; };
		924AE1BD2337BDB900B60747 /* emptyResponse.json */ = {isa = PBXFileReference; lastKnownFileType = text.json; path = emptyResponse.json; sourceTree = "<group>"; };
		92A0BD6F2332152B0095AC5B /* savePhotoModel.swift */ = {isa = PBXFileReference; lastKnownFileType = sourcecode.swift; path = savePhotoModel.swift; sourceTree = "<group>"; };
		92A0BD71233215470095AC5B /* SavePhotoPresenter.swift */ = {isa = PBXFileReference; lastKnownFileType = sourcecode.swift; path = SavePhotoPresenter.swift; sourceTree = "<group>"; };
		92A0BD732332155A0095AC5B /* SavePhotoViewProtocol.swift */ = {isa = PBXFileReference; lastKnownFileType = sourcecode.swift; path = SavePhotoViewProtocol.swift; sourceTree = "<group>"; };
		92A0BD7B233216200095AC5B /* SavePhotoModelProtocol.swift */ = {isa = PBXFileReference; lastKnownFileType = sourcecode.swift; path = SavePhotoModelProtocol.swift; sourceTree = "<group>"; };
		92A0BD7D233216410095AC5B /* SavePhotoPresenterProtocol.swift */ = {isa = PBXFileReference; lastKnownFileType = sourcecode.swift; path = SavePhotoPresenterProtocol.swift; sourceTree = "<group>"; };
		92A97C5F2330BD2100176B81 /* DetailsModel.swift */ = {isa = PBXFileReference; lastKnownFileType = sourcecode.swift; path = DetailsModel.swift; sourceTree = "<group>"; };
		92A97C622330BDBE00176B81 /* DetailsViewProtocol.swift */ = {isa = PBXFileReference; lastKnownFileType = sourcecode.swift; path = DetailsViewProtocol.swift; sourceTree = "<group>"; };
		92A97C642330BDD400176B81 /* DetailsModelProtocol.swift */ = {isa = PBXFileReference; lastKnownFileType = sourcecode.swift; path = DetailsModelProtocol.swift; sourceTree = "<group>"; };
		92A97C662330BDEF00176B81 /* DetailsPresenterProtocol.swift */ = {isa = PBXFileReference; lastKnownFileType = sourcecode.swift; path = DetailsPresenterProtocol.swift; sourceTree = "<group>"; };
		92A97C682330C8B100176B81 /* DetailsPresenterImplementation.swift */ = {isa = PBXFileReference; lastKnownFileType = sourcecode.swift; path = DetailsPresenterImplementation.swift; sourceTree = "<group>"; };
		92B5AE682338BDF400D70671 /* HomeModelTest.swift */ = {isa = PBXFileReference; lastKnownFileType = sourcecode.swift; path = HomeModelTest.swift; sourceTree = "<group>"; };
		92BC7FB02328CE9700C15EDD /* DetailsCollectionViewCell.swift */ = {isa = PBXFileReference; lastKnownFileType = sourcecode.swift; path = DetailsCollectionViewCell.swift; sourceTree = "<group>"; };
		92BC7FB22328CEB100C15EDD /* DetailsCollectionReusableView.swift */ = {isa = PBXFileReference; lastKnownFileType = sourcecode.swift; path = DetailsCollectionReusableView.swift; sourceTree = "<group>"; };
		92E9D318232F80E60081C71A /* HomePresenterProtocol.swift */ = {isa = PBXFileReference; lastKnownFileType = sourcecode.swift; path = HomePresenterProtocol.swift; sourceTree = "<group>"; };
		92E9D31A232FA0880081C71A /* HomeCellPresenterImplementation.swift */ = {isa = PBXFileReference; lastKnownFileType = sourcecode.swift; path = HomeCellPresenterImplementation.swift; sourceTree = "<group>"; };
		92E9D321232FA1620081C71A /* homeCellViewProtocol.swift */ = {isa = PBXFileReference; lastKnownFileType = sourcecode.swift; path = homeCellViewProtocol.swift; sourceTree = "<group>"; };
		92E9D323232FA18A0081C71A /* homeCellPresenterProtocol.swift */ = {isa = PBXFileReference; lastKnownFileType = sourcecode.swift; path = homeCellPresenterProtocol.swift; sourceTree = "<group>"; };
		92E9D325232FA1A40081C71A /* homeCellModelProtocol.swift */ = {isa = PBXFileReference; lastKnownFileType = sourcecode.swift; path = homeCellModelProtocol.swift; sourceTree = "<group>"; };
		92EF4FF1233B6CC60088F873 /* TheMovieDbHomeUITests.xctest */ = {isa = PBXFileReference; explicitFileType = wrapper.cfbundle; includeInIndex = 0; path = TheMovieDbHomeUITests.xctest; sourceTree = BUILT_PRODUCTS_DIR; };
		92EF4FF3233B6CC60088F873 /* TheMovieDbHomeUITests.swift */ = {isa = PBXFileReference; lastKnownFileType = sourcecode.swift; path = TheMovieDbHomeUITests.swift; sourceTree = "<group>"; };
		92EF4FF5233B6CC60088F873 /* Info.plist */ = {isa = PBXFileReference; lastKnownFileType = text.plist.xml; path = Info.plist; sourceTree = "<group>"; };
		92FC2561231E7FB40019A3E9 /* CALayer+extensions.swift */ = {isa = PBXFileReference; lastKnownFileType = sourcecode.swift; path = "CALayer+extensions.swift"; sourceTree = "<group>"; };
		B5BB30DBB5EC0F23FCCAFA20 /* Pods_TheMovieDbTests.framework */ = {isa = PBXFileReference; explicitFileType = wrapper.framework; includeInIndex = 0; path = Pods_TheMovieDbTests.framework; sourceTree = BUILT_PRODUCTS_DIR; };
		B85F34C4C2FC16EBE31C95B8 /* Pods-TheMovieDbTests.release.xcconfig */ = {isa = PBXFileReference; includeInIndex = 1; lastKnownFileType = text.xcconfig; name = "Pods-TheMovieDbTests.release.xcconfig"; path = "Target Support Files/Pods-TheMovieDbTests/Pods-TheMovieDbTests.release.xcconfig"; sourceTree = "<group>"; };
		B98CCD7FD0BBB752938BDCC0 /* Pods_TheMovieDbUITests.framework */ = {isa = PBXFileReference; explicitFileType = wrapper.framework; includeInIndex = 0; path = Pods_TheMovieDbUITests.framework; sourceTree = BUILT_PRODUCTS_DIR; };
		E58547A5A50DD03F2933125E /* Pods-TheMovieDbTests.debug.xcconfig */ = {isa = PBXFileReference; includeInIndex = 1; lastKnownFileType = text.xcconfig; name = "Pods-TheMovieDbTests.debug.xcconfig"; path = "Target Support Files/Pods-TheMovieDbTests/Pods-TheMovieDbTests.debug.xcconfig"; sourceTree = "<group>"; };
		E84BD90E166EB038A065A01F /* Pods_TheMovieDbHomeUITests.framework */ = {isa = PBXFileReference; explicitFileType = wrapper.framework; includeInIndex = 0; path = Pods_TheMovieDbHomeUITests.framework; sourceTree = BUILT_PRODUCTS_DIR; };
		EDB5C4D7A9973782513D36C5 /* Pods_TheMovieDb.framework */ = {isa = PBXFileReference; explicitFileType = wrapper.framework; includeInIndex = 0; path = Pods_TheMovieDb.framework; sourceTree = BUILT_PRODUCTS_DIR; };
		F265E3F58DFC306FFED490CE /* Pods-TheMovieDbHomeUITests.debug.xcconfig */ = {isa = PBXFileReference; includeInIndex = 1; lastKnownFileType = text.xcconfig; name = "Pods-TheMovieDbHomeUITests.debug.xcconfig"; path = "Target Support Files/Pods-TheMovieDbHomeUITests/Pods-TheMovieDbHomeUITests.debug.xcconfig"; sourceTree = "<group>"; };
		F3E0DA307B42561A20CCA613 /* Pods-TheMovieDb.release.xcconfig */ = {isa = PBXFileReference; includeInIndex = 1; lastKnownFileType = text.xcconfig; name = "Pods-TheMovieDb.release.xcconfig"; path = "Target Support Files/Pods-TheMovieDb/Pods-TheMovieDb.release.xcconfig"; sourceTree = "<group>"; };
/* End PBXFileReference section */

/* Begin PBXFrameworksBuildPhase section */
		8433BD052317F51F00A52CBB /* Frameworks */ = {
			isa = PBXFrameworksBuildPhase;
			buildActionMask = 2147483647;
			files = (
				F349F0753F76856A31AE27BB /* Pods_TheMovieDb.framework in Frameworks */,
			);
			runOnlyForDeploymentPostprocessing = 0;
		};
		8433BD192317F53600A52CBB /* Frameworks */ = {
			isa = PBXFrameworksBuildPhase;
			buildActionMask = 2147483647;
			files = (
				48173AF1CCCEC77341054152 /* Pods_TheMovieDbTests.framework in Frameworks */,
			);
			runOnlyForDeploymentPostprocessing = 0;
		};
		92EF4FEE233B6CC60088F873 /* Frameworks */ = {
			isa = PBXFrameworksBuildPhase;
			buildActionMask = 2147483647;
			files = (
				7876B75D377216595108A5A3 /* Pods_TheMovieDbHomeUITests.framework in Frameworks */,
			);
			runOnlyForDeploymentPostprocessing = 0;
		};
/* End PBXFrameworksBuildPhase section */

/* Begin PBXGroup section */
		71C3AD59695E147BFB0C2E2E /* Frameworks */ = {
			isa = PBXGroup;
			children = (
				EDB5C4D7A9973782513D36C5 /* Pods_TheMovieDb.framework */,
				B5BB30DBB5EC0F23FCCAFA20 /* Pods_TheMovieDbTests.framework */,
				B98CCD7FD0BBB752938BDCC0 /* Pods_TheMovieDbUITests.framework */,
				E84BD90E166EB038A065A01F /* Pods_TheMovieDbHomeUITests.framework */,
			);
			name = Frameworks;
			sourceTree = "<group>";
		};
		8433BCFF2317F51F00A52CBB = {
			isa = PBXGroup;
			children = (
				8433BD0A2317F51F00A52CBB /* TheMovieDb */,
				8433BD1F2317F53600A52CBB /* TheMovieDbTests */,
				92EF4FF2233B6CC60088F873 /* TheMovieDbHomeUITests */,
				8433BD092317F51F00A52CBB /* Products */,
				FD05E3AF44BB6AC34411B952 /* Pods */,
				71C3AD59695E147BFB0C2E2E /* Frameworks */,
			);
			sourceTree = "<group>";
		};
		8433BD092317F51F00A52CBB /* Products */ = {
			isa = PBXGroup;
			children = (
				8433BD082317F51F00A52CBB /* TheMovieDb.app */,
				8433BD1C2317F53600A52CBB /* TheMovieDbTests.xctest */,
				92EF4FF1233B6CC60088F873 /* TheMovieDbHomeUITests.xctest */,
			);
			name = Products;
			sourceTree = "<group>";
		};
		8433BD0A2317F51F00A52CBB /* TheMovieDb */ = {
			isa = PBXGroup;
			children = (
				92A0BD6E2332150B0095AC5B /* SavePhotoScreen */,
				9239211A23279F27008D6ECD /* Network */,
				92FC255E231E763B0019A3E9 /* Utilites */,
				84F274E2231B17680090EFA8 /* DetailsScreen */,
				8433BD392318034D00A52CBB /*  HomeScreen */,
				8433BD0D2317F52000A52CBB /* ViewController.swift */,
				8433BD0B2317F52000A52CBB /* AppDelegate.swift */,
				8433BD0F2317F52000A52CBB /* Main.storyboard */,
				8433BD122317F53500A52CBB /* Assets.xcassets */,
				8433BD142317F53500A52CBB /* LaunchScreen.storyboard */,
				8433BD172317F53500A52CBB /* Info.plist */,
			);
			path = TheMovieDb;
			sourceTree = "<group>";
		};
		8433BD1F2317F53600A52CBB /* TheMovieDbTests */ = {
			isa = PBXGroup;
			children = (
				92B5AE682338BDF400D70671 /* HomeModelTest.swift */,
				924AE1B72337B9A700B60747 /* HomePresenterTest.swift */,
				8433BD202317F53600A52CBB /* TheMovieDbTests.swift */,
				8433BD222317F53600A52CBB /* Info.plist */,
				924AE1B323379E0300B60747 /* ModelMock.swift */,
				924AE1B523379E1000B60747 /* ViewMock.swift */,
				924AE1BD2337BDB900B60747 /* emptyResponse.json */,
				924AE1B92337BC5E00B60747 /* response.json */,
			);
			path = TheMovieDbTests;
			sourceTree = "<group>";
		};
		8433BD392318034D00A52CBB /*  HomeScreen */ = {
			isa = PBXGroup;
			children = (
				92E9D31C232FA0930081C71A /* HomeCell */,
				924A4CA1232E792B000BFFF4 /* HomePresenter */,
				924A4CA0232E78B7000BFFF4 /* HomeView */,
				924A4C9F232E78AC000BFFF4 /* HomeModel */,
				924A4C9E232E7890000BFFF4 /* HomeContract */,
			);
			path = " HomeScreen";
			sourceTree = "<group>";
		};
		84F274E2231B17680090EFA8 /* DetailsScreen */ = {
			isa = PBXGroup;
			children = (
				92A97C5E2330BD0400176B81 /* DetailsModel */,
				92A97C5D2330BCF800176B81 /* DetailsView */,
				92A97C5C2330BCDF00176B81 /* DetailsPresenter */,
				92A97C612330BD8A00176B81 /* DetailsContract */,
			);
			path = DetailsScreen;
			sourceTree = "<group>";
		};
		9239211A23279F27008D6ECD /* Network */ = {
			isa = PBXGroup;
			children = (
				923921202327A86A008D6ECD /* GetActorsDelegate.swift */,
				9239211B23279F4F008D6ECD /* Network.swift */,
				9208F096234DEB26006BF48F /* MoyaService.swift */,
			);
			path = Network;
			sourceTree = "<group>";
		};
		924A4C9E232E7890000BFFF4 /* HomeContract */ = {
			isa = PBXGroup;
			children = (
				924A4C9C232E7871000BFFF4 /* HomeModelProtocol.swift */,
				924A4C9A232E785C000BFFF4 /* HomeViewProtocol.swift */,
				92E9D318232F80E60081C71A /* HomePresenterProtocol.swift */,
			);
			path = HomeContract;
			sourceTree = "<group>";
		};
		924A4C9F232E78AC000BFFF4 /* HomeModel */ = {
			isa = PBXGroup;
			children = (
				924A4CA2232E7976000BFFF4 /* HomeModel.swift */,
			);
			path = HomeModel;
			sourceTree = "<group>";
		};
		924A4CA0232E78B7000BFFF4 /* HomeView */ = {
			isa = PBXGroup;
			children = (
				8433BD3A2318037B00A52CBB /* HomeStoryBoard.storyboard */,
				923921182327980B008D6ECD /* HomeViewController.swift */,
			);
			path = HomeView;
			sourceTree = "<group>";
		};
		924A4CA1232E792B000BFFF4 /* HomePresenter */ = {
			isa = PBXGroup;
			children = (
				924A4C98232E782F000BFFF4 /* HomePresenter.swift */,
			);
			path = HomePresenter;
			sourceTree = "<group>";
		};
		92A0BD6E2332150B0095AC5B /* SavePhotoScreen */ = {
			isa = PBXGroup;
			children = (
				92A0BD7A233215FB0095AC5B /* SavePhotoContract */,
				92A0BD79233215BF0095AC5B /* SavePhotoView */,
				92A0BD76233215780095AC5B /* SavePhotoPresenter */,
				92A0BD752332156B0095AC5B /* SavePhotoModel */,
			);
			path = SavePhotoScreen;
			sourceTree = "<group>";
		};
		92A0BD752332156B0095AC5B /* SavePhotoModel */ = {
			isa = PBXGroup;
			children = (
				92A0BD6F2332152B0095AC5B /* savePhotoModel.swift */,
			);
			path = SavePhotoModel;
			sourceTree = "<group>";
		};
		92A0BD76233215780095AC5B /* SavePhotoPresenter */ = {
			isa = PBXGroup;
			children = (
				92A0BD71233215470095AC5B /* SavePhotoPresenter.swift */,
			);
			path = SavePhotoPresenter;
			sourceTree = "<group>";
		};
		92A0BD79233215BF0095AC5B /* SavePhotoView */ = {
			isa = PBXGroup;
			children = (
				84F274E7231B23F00090EFA8 /* SavePhotoViewContoller.swift */,
			);
			path = SavePhotoView;
			sourceTree = "<group>";
		};
		92A0BD7A233215FB0095AC5B /* SavePhotoContract */ = {
			isa = PBXGroup;
			children = (
				92A0BD732332155A0095AC5B /* SavePhotoViewProtocol.swift */,
				92A0BD7B233216200095AC5B /* SavePhotoModelProtocol.swift */,
				92A0BD7D233216410095AC5B /* SavePhotoPresenterProtocol.swift */,
			);
			path = SavePhotoContract;
			sourceTree = "<group>";
		};
		92A97C5C2330BCDF00176B81 /* DetailsPresenter */ = {
			isa = PBXGroup;
			children = (
				92A97C682330C8B100176B81 /* DetailsPresenterImplementation.swift */,
			);
			path = DetailsPresenter;
			sourceTree = "<group>";
		};
		92A97C5D2330BCF800176B81 /* DetailsView */ = {
			isa = PBXGroup;
			children = (
				84F274E3231B18A70090EFA8 /* DetailsViewController.swift */,
				84F274E5231B1A8A0090EFA8 /* Details_Storyboard.storyboard */,
				92BC7FB02328CE9700C15EDD /* DetailsCollectionViewCell.swift */,
				92BC7FB22328CEB100C15EDD /* DetailsCollectionReusableView.swift */,
			);
			path = DetailsView;
			sourceTree = "<group>";
		};
		92A97C5E2330BD0400176B81 /* DetailsModel */ = {
			isa = PBXGroup;
			children = (
				92A97C5F2330BD2100176B81 /* DetailsModel.swift */,
				9208F094234DE247006BF48F /* ImagesResponse.swift */,
			);
			path = DetailsModel;
			sourceTree = "<group>";
		};
		92A97C612330BD8A00176B81 /* DetailsContract */ = {
			isa = PBXGroup;
			children = (
				92A97C622330BDBE00176B81 /* DetailsViewProtocol.swift */,
				92A97C642330BDD400176B81 /* DetailsModelProtocol.swift */,
				92A97C662330BDEF00176B81 /* DetailsPresenterProtocol.swift */,
			);
			path = DetailsContract;
			sourceTree = "<group>";
		};
		92E9D31C232FA0930081C71A /* HomeCell */ = {
			isa = PBXGroup;
			children = (
				92E9D320232FA10B0081C71A /* HomeCellContract */,
				92E9D31F232FA0F90081C71A /* HomeCellView */,
				92E9D31E232FA0E20081C71A /* homeCellPresenter */,
				92E9D31D232FA0CE0081C71A /* homeCellModel */,
			);
			path = HomeCell;
			sourceTree = "<group>";
		};
		92E9D31D232FA0CE0081C71A /* homeCellModel */ = {
			isa = PBXGroup;
			children = (
				924A4CA4232E7A59000BFFF4 /* Actor.swift */,
				924A4CA6232E7A7A000BFFF4 /* ActorDetails.swift */,
			);
			path = homeCellModel;
			sourceTree = "<group>";
		};
		92E9D31E232FA0E20081C71A /* homeCellPresenter */ = {
			isa = PBXGroup;
			children = (
				92E9D31A232FA0880081C71A /* HomeCellPresenterImplementation.swift */,
			);
			path = homeCellPresenter;
			sourceTree = "<group>";
		};
		92E9D31F232FA0F90081C71A /* HomeCellView */ = {
			isa = PBXGroup;
			children = (
				84CEFA02231939F000AF5C4C /* HomeTableViewCell.swift */,
			);
			path = HomeCellView;
			sourceTree = "<group>";
		};
		92E9D320232FA10B0081C71A /* HomeCellContract */ = {
			isa = PBXGroup;
			children = (
				92E9D321232FA1620081C71A /* homeCellViewProtocol.swift */,
				92E9D323232FA18A0081C71A /* homeCellPresenterProtocol.swift */,
				92E9D325232FA1A40081C71A /* homeCellModelProtocol.swift */,
			);
			path = HomeCellContract;
			sourceTree = "<group>";
		};
		92EF4FF2233B6CC60088F873 /* TheMovieDbHomeUITests */ = {
			isa = PBXGroup;
			children = (
				92EF4FF3233B6CC60088F873 /* TheMovieDbHomeUITests.swift */,
				92EF4FF5233B6CC60088F873 /* Info.plist */,
			);
			path = TheMovieDbHomeUITests;
			sourceTree = "<group>";
		};
		92FC255E231E763B0019A3E9 /* Utilites */ = {
			isa = PBXGroup;
			children = (
				92FC2561231E7FB40019A3E9 /* CALayer+extensions.swift */,
			);
			path = Utilites;
			sourceTree = "<group>";
		};
		FD05E3AF44BB6AC34411B952 /* Pods */ = {
			isa = PBXGroup;
			children = (
				4C7A208DDB48D9F321EBC9E9 /* Pods-TheMovieDb.debug.xcconfig */,
				F3E0DA307B42561A20CCA613 /* Pods-TheMovieDb.release.xcconfig */,
				E58547A5A50DD03F2933125E /* Pods-TheMovieDbTests.debug.xcconfig */,
				B85F34C4C2FC16EBE31C95B8 /* Pods-TheMovieDbTests.release.xcconfig */,
				391D5047C630DF80A8B8FC9E /* Pods-TheMovieDbUITests.debug.xcconfig */,
				15FEA7411FD83EE391565433 /* Pods-TheMovieDbUITests.release.xcconfig */,
				F265E3F58DFC306FFED490CE /* Pods-TheMovieDbHomeUITests.debug.xcconfig */,
				664B76A6D3034518A73D0F2D /* Pods-TheMovieDbHomeUITests.release.xcconfig */,
			);
			path = Pods;
			sourceTree = "<group>";
		};
/* End PBXGroup section */

/* Begin PBXNativeTarget section */
		8433BD072317F51F00A52CBB /* TheMovieDb */ = {
			isa = PBXNativeTarget;
			buildConfigurationList = 8433BD302317F53600A52CBB /* Build configuration list for PBXNativeTarget "TheMovieDb" */;
			buildPhases = (
				E6C83ADE1F3EDCBDD06917AB /* [CP] Check Pods Manifest.lock */,
				8433BD042317F51F00A52CBB /* Sources */,
				8433BD052317F51F00A52CBB /* Frameworks */,
				8433BD062317F51F00A52CBB /* Resources */,
				65A91AE1A62B04472A3EA3B5 /* [CP] Embed Pods Frameworks */,
			);
			buildRules = (
			);
			dependencies = (
			);
			name = TheMovieDb;
			productName = TheMovieDb;
			productReference = 8433BD082317F51F00A52CBB /* TheMovieDb.app */;
			productType = "com.apple.product-type.application";
		};
		8433BD1B2317F53600A52CBB /* TheMovieDbTests */ = {
			isa = PBXNativeTarget;
			buildConfigurationList = 8433BD332317F53600A52CBB /* Build configuration list for PBXNativeTarget "TheMovieDbTests" */;
			buildPhases = (
				538AD2B72C2E158D8827ED04 /* [CP] Check Pods Manifest.lock */,
				8433BD182317F53600A52CBB /* Sources */,
				8433BD192317F53600A52CBB /* Frameworks */,
				8433BD1A2317F53600A52CBB /* Resources */,
			);
			buildRules = (
			);
			dependencies = (
				8433BD1E2317F53600A52CBB /* PBXTargetDependency */,
			);
			name = TheMovieDbTests;
			productName = TheMovieDbTests;
			productReference = 8433BD1C2317F53600A52CBB /* TheMovieDbTests.xctest */;
			productType = "com.apple.product-type.bundle.unit-test";
		};
		92EF4FF0233B6CC60088F873 /* TheMovieDbHomeUITests */ = {
			isa = PBXNativeTarget;
			buildConfigurationList = 92EF4FF8233B6CC60088F873 /* Build configuration list for PBXNativeTarget "TheMovieDbHomeUITests" */;
			buildPhases = (
				045417D3E8F9456CCC368E5D /* [CP] Check Pods Manifest.lock */,
				92EF4FED233B6CC60088F873 /* Sources */,
				92EF4FEE233B6CC60088F873 /* Frameworks */,
				92EF4FEF233B6CC60088F873 /* Resources */,
				7129750B5CFE7A869261E037 /* [CP] Embed Pods Frameworks */,
			);
			buildRules = (
			);
			dependencies = (
				92EF4FF7233B6CC60088F873 /* PBXTargetDependency */,
			);
			name = TheMovieDbHomeUITests;
			productName = TheMovieDbHomeUITests;
			productReference = 92EF4FF1233B6CC60088F873 /* TheMovieDbHomeUITests.xctest */;
			productType = "com.apple.product-type.bundle.ui-testing";
		};
/* End PBXNativeTarget section */

/* Begin PBXProject section */
		8433BD002317F51F00A52CBB /* Project object */ = {
			isa = PBXProject;
			attributes = {
				LastSwiftUpdateCheck = 1030;
				LastUpgradeCheck = 1020;
				ORGANIZATIONNAME = "Sara Galal";
				TargetAttributes = {
					8433BD072317F51F00A52CBB = {
						CreatedOnToolsVersion = 10.2;
					};
					8433BD1B2317F53600A52CBB = {
						CreatedOnToolsVersion = 10.2;
						TestTargetID = 8433BD072317F51F00A52CBB;
					};
					92EF4FF0233B6CC60088F873 = {
						CreatedOnToolsVersion = 10.3;
						TestTargetID = 8433BD072317F51F00A52CBB;
					};
				};
			};
			buildConfigurationList = 8433BD032317F51F00A52CBB /* Build configuration list for PBXProject "TheMovieDb" */;
			compatibilityVersion = "Xcode 9.3";
			developmentRegion = en;
			hasScannedForEncodings = 0;
			knownRegions = (
				en,
				Base,
			);
			mainGroup = 8433BCFF2317F51F00A52CBB;
			productRefGroup = 8433BD092317F51F00A52CBB /* Products */;
			projectDirPath = "";
			projectRoot = "";
			targets = (
				8433BD072317F51F00A52CBB /* TheMovieDb */,
				8433BD1B2317F53600A52CBB /* TheMovieDbTests */,
				92EF4FF0233B6CC60088F873 /* TheMovieDbHomeUITests */,
			);
		};
/* End PBXProject section */

/* Begin PBXResourcesBuildPhase section */
		8433BD062317F51F00A52CBB /* Resources */ = {
			isa = PBXResourcesBuildPhase;
			buildActionMask = 2147483647;
			files = (
				84F274E6231B1A8A0090EFA8 /* Details_Storyboard.storyboard in Resources */,
				8433BD162317F53500A52CBB /* LaunchScreen.storyboard in Resources */,
				8433BD3B2318037B00A52CBB /* HomeStoryBoard.storyboard in Resources */,
				8433BD132317F53500A52CBB /* Assets.xcassets in Resources */,
				8433BD112317F52000A52CBB /* Main.storyboard in Resources */,
			);
			runOnlyForDeploymentPostprocessing = 0;
		};
		8433BD1A2317F53600A52CBB /* Resources */ = {
			isa = PBXResourcesBuildPhase;
			buildActionMask = 2147483647;
			files = (
				924AE1BE2337BDB900B60747 /* emptyResponse.json in Resources */,
				924AE1BA2337BC5E00B60747 /* response.json in Resources */,
			);
			runOnlyForDeploymentPostprocessing = 0;
		};
		92EF4FEF233B6CC60088F873 /* Resources */ = {
			isa = PBXResourcesBuildPhase;
			buildActionMask = 2147483647;
			files = (
			);
			runOnlyForDeploymentPostprocessing = 0;
		};
/* End PBXResourcesBuildPhase section */

/* Begin PBXShellScriptBuildPhase section */
		045417D3E8F9456CCC368E5D /* [CP] Check Pods Manifest.lock */ = {
			isa = PBXShellScriptBuildPhase;
			buildActionMask = 2147483647;
			files = (
			);
			inputFileListPaths = (
			);
			inputPaths = (
				"${PODS_PODFILE_DIR_PATH}/Podfile.lock",
				"${PODS_ROOT}/Manifest.lock",
			);
			name = "[CP] Check Pods Manifest.lock";
			outputFileListPaths = (
			);
			outputPaths = (
				"$(DERIVED_FILE_DIR)/Pods-TheMovieDbHomeUITests-checkManifestLockResult.txt",
			);
			runOnlyForDeploymentPostprocessing = 0;
			shellPath = /bin/sh;
			shellScript = "diff \"${PODS_PODFILE_DIR_PATH}/Podfile.lock\" \"${PODS_ROOT}/Manifest.lock\" > /dev/null\nif [ $? != 0 ] ; then\n    # print error to STDERR\n    echo \"error: The sandbox is not in sync with the Podfile.lock. Run 'pod install' or update your CocoaPods installation.\" >&2\n    exit 1\nfi\n# This output is used by Xcode 'outputs' to avoid re-running this script phase.\necho \"SUCCESS\" > \"${SCRIPT_OUTPUT_FILE_0}\"\n";
			showEnvVarsInLog = 0;
		};
		538AD2B72C2E158D8827ED04 /* [CP] Check Pods Manifest.lock */ = {
			isa = PBXShellScriptBuildPhase;
			buildActionMask = 2147483647;
			files = (
			);
			inputFileListPaths = (
			);
			inputPaths = (
				"${PODS_PODFILE_DIR_PATH}/Podfile.lock",
				"${PODS_ROOT}/Manifest.lock",
			);
			name = "[CP] Check Pods Manifest.lock";
			outputFileListPaths = (
			);
			outputPaths = (
				"$(DERIVED_FILE_DIR)/Pods-TheMovieDbTests-checkManifestLockResult.txt",
			);
			runOnlyForDeploymentPostprocessing = 0;
			shellPath = /bin/sh;
			shellScript = "diff \"${PODS_PODFILE_DIR_PATH}/Podfile.lock\" \"${PODS_ROOT}/Manifest.lock\" > /dev/null\nif [ $? != 0 ] ; then\n    # print error to STDERR\n    echo \"error: The sandbox is not in sync with the Podfile.lock. Run 'pod install' or update your CocoaPods installation.\" >&2\n    exit 1\nfi\n# This output is used by Xcode 'outputs' to avoid re-running this script phase.\necho \"SUCCESS\" > \"${SCRIPT_OUTPUT_FILE_0}\"\n";
			showEnvVarsInLog = 0;
		};
		65A91AE1A62B04472A3EA3B5 /* [CP] Embed Pods Frameworks */ = {
			isa = PBXShellScriptBuildPhase;
			buildActionMask = 2147483647;
			files = (
			);
			inputFileListPaths = (
				"${PODS_ROOT}/Target Support Files/Pods-TheMovieDb/Pods-TheMovieDb-frameworks-${CONFIGURATION}-input-files.xcfilelist",
			);
			name = "[CP] Embed Pods Frameworks";
			outputFileListPaths = (
				"${PODS_ROOT}/Target Support Files/Pods-TheMovieDb/Pods-TheMovieDb-frameworks-${CONFIGURATION}-output-files.xcfilelist",
			);
			runOnlyForDeploymentPostprocessing = 0;
			shellPath = /bin/sh;
			shellScript = "\"${PODS_ROOT}/Target Support Files/Pods-TheMovieDb/Pods-TheMovieDb-frameworks.sh\"\n";
			showEnvVarsInLog = 0;
		};
		7129750B5CFE7A869261E037 /* [CP] Embed Pods Frameworks */ = {
			isa = PBXShellScriptBuildPhase;
			buildActionMask = 2147483647;
			files = (
			);
			inputFileListPaths = (
				"${PODS_ROOT}/Target Support Files/Pods-TheMovieDbHomeUITests/Pods-TheMovieDbHomeUITests-frameworks-${CONFIGURATION}-input-files.xcfilelist",
			);
			name = "[CP] Embed Pods Frameworks";
			outputFileListPaths = (
				"${PODS_ROOT}/Target Support Files/Pods-TheMovieDbHomeUITests/Pods-TheMovieDbHomeUITests-frameworks-${CONFIGURATION}-output-files.xcfilelist",
			);
			runOnlyForDeploymentPostprocessing = 0;
			shellPath = /bin/sh;
			shellScript = "\"${PODS_ROOT}/Target Support Files/Pods-TheMovieDbHomeUITests/Pods-TheMovieDbHomeUITests-frameworks.sh\"\n";
			showEnvVarsInLog = 0;
		};
		E6C83ADE1F3EDCBDD06917AB /* [CP] Check Pods Manifest.lock */ = {
			isa = PBXShellScriptBuildPhase;
			buildActionMask = 2147483647;
			files = (
			);
			inputFileListPaths = (
			);
			inputPaths = (
				"${PODS_PODFILE_DIR_PATH}/Podfile.lock",
				"${PODS_ROOT}/Manifest.lock",
			);
			name = "[CP] Check Pods Manifest.lock";
			outputFileListPaths = (
			);
			outputPaths = (
				"$(DERIVED_FILE_DIR)/Pods-TheMovieDb-checkManifestLockResult.txt",
			);
			runOnlyForDeploymentPostprocessing = 0;
			shellPath = /bin/sh;
			shellScript = "diff \"${PODS_PODFILE_DIR_PATH}/Podfile.lock\" \"${PODS_ROOT}/Manifest.lock\" > /dev/null\nif [ $? != 0 ] ; then\n    # print error to STDERR\n    echo \"error: The sandbox is not in sync with the Podfile.lock. Run 'pod install' or update your CocoaPods installation.\" >&2\n    exit 1\nfi\n# This output is used by Xcode 'outputs' to avoid re-running this script phase.\necho \"SUCCESS\" > \"${SCRIPT_OUTPUT_FILE_0}\"\n";
			showEnvVarsInLog = 0;
		};
/* End PBXShellScriptBuildPhase section */

/* Begin PBXSourcesBuildPhase section */
		8433BD042317F51F00A52CBB /* Sources */ = {
			isa = PBXSourcesBuildPhase;
			buildActionMask = 2147483647;
			files = (
				924A4C9D232E7871000BFFF4 /* HomeModelProtocol.swift in Sources */,
				92A0BD7E233216410095AC5B /* SavePhotoPresenterProtocol.swift in Sources */,
				92BC7FB32328CEB100C15EDD /* DetailsCollectionReusableView.swift in Sources */,
				924A4CA5232E7A59000BFFF4 /* Actor.swift in Sources */,
				92A0BD72233215480095AC5B /* SavePhotoPresenter.swift in Sources */,
				92A0BD7C233216200095AC5B /* SavePhotoModelProtocol.swift in Sources */,
				92E9D326232FA1A40081C71A /* homeCellModelProtocol.swift in Sources */,
				92FC2562231E7FB40019A3E9 /* CALayer+extensions.swift in Sources */,
				92A97C652330BDD400176B81 /* DetailsModelProtocol.swift in Sources */,
				92E9D322232FA1620081C71A /* homeCellViewProtocol.swift in Sources */,
				92E9D324232FA18A0081C71A /* homeCellPresenterProtocol.swift in Sources */,
				92E9D319232F80E60081C71A /* HomePresenterProtocol.swift in Sources */,
				84F274E4231B18A70090EFA8 /* DetailsViewController.swift in Sources */,
				92A97C672330BDEF00176B81 /* DetailsPresenterProtocol.swift in Sources */,
				924A4C9B232E785C000BFFF4 /* HomeViewProtocol.swift in Sources */,
				84F274E8231B23F00090EFA8 /* SavePhotoViewContoller.swift in Sources */,
				92A97C692330C8B100176B81 /* DetailsPresenterImplementation.swift in Sources */,
				923921192327980B008D6ECD /* HomeViewController.swift in Sources */,
				924A4CA3232E7976000BFFF4 /* HomeModel.swift in Sources */,
				923921222327A86A008D6ECD /* GetActorsDelegate.swift in Sources */,
				92A0BD702332152B0095AC5B /* savePhotoModel.swift in Sources */,
				92E9D31B232FA0880081C71A /* HomeCellPresenterImplementation.swift in Sources */,
				84CEFA03231939F000AF5C4C /* HomeTableViewCell.swift in Sources */,
				9208F095234DE247006BF48F /* ImagesResponse.swift in Sources */,
				924A4C99232E782F000BFFF4 /* HomePresenter.swift in Sources */,
				92A97C632330BDBE00176B81 /* DetailsViewProtocol.swift in Sources */,
				9208F097234DEB26006BF48F /* MoyaService.swift in Sources */,
				9239211C23279F4F008D6ECD /* Network.swift in Sources */,
				924A4CA7232E7A7A000BFFF4 /* ActorDetails.swift in Sources */,
				8433BD0E2317F52000A52CBB /* ViewController.swift in Sources */,
				92A0BD742332155A0095AC5B /* SavePhotoViewProtocol.swift in Sources */,
				92A97C602330BD2100176B81 /* DetailsModel.swift in Sources */,
				8433BD0C2317F52000A52CBB /* AppDelegate.swift in Sources */,
				92BC7FB12328CE9700C15EDD /* DetailsCollectionViewCell.swift in Sources */,
			);
			runOnlyForDeploymentPostprocessing = 0;
		};
		8433BD182317F53600A52CBB /* Sources */ = {
			isa = PBXSourcesBuildPhase;
			buildActionMask = 2147483647;
			files = (
				8433BD212317F53600A52CBB /* TheMovieDbTests.swift in Sources */,
				924AE1B423379E0300B60747 /* ModelMock.swift in Sources */,
				924AE1B623379E1000B60747 /* ViewMock.swift in Sources */,
				924AE1B82337B9A700B60747 /* HomePresenterTest.swift in Sources */,
				92B5AE692338BDF400D70671 /* HomeModelTest.swift in Sources */,
			);
			runOnlyForDeploymentPostprocessing = 0;
		};
		92EF4FED233B6CC60088F873 /* Sources */ = {
			isa = PBXSourcesBuildPhase;
			buildActionMask = 2147483647;
			files = (
				92EF4FF4233B6CC60088F873 /* TheMovieDbHomeUITests.swift in Sources */,
			);
			runOnlyForDeploymentPostprocessing = 0;
		};
/* End PBXSourcesBuildPhase section */

/* Begin PBXTargetDependency section */
		8433BD1E2317F53600A52CBB /* PBXTargetDependency */ = {
			isa = PBXTargetDependency;
			target = 8433BD072317F51F00A52CBB /* TheMovieDb */;
			targetProxy = 8433BD1D2317F53600A52CBB /* PBXContainerItemProxy */;
		};
		92EF4FF7233B6CC60088F873 /* PBXTargetDependency */ = {
			isa = PBXTargetDependency;
			target = 8433BD072317F51F00A52CBB /* TheMovieDb */;
			targetProxy = 92EF4FF6233B6CC60088F873 /* PBXContainerItemProxy */;
		};
/* End PBXTargetDependency section */

/* Begin PBXVariantGroup section */
		8433BD0F2317F52000A52CBB /* Main.storyboard */ = {
			isa = PBXVariantGroup;
			children = (
				8433BD102317F52000A52CBB /* Base */,
			);
			name = Main.storyboard;
			sourceTree = "<group>";
		};
		8433BD142317F53500A52CBB /* LaunchScreen.storyboard */ = {
			isa = PBXVariantGroup;
			children = (
				8433BD152317F53500A52CBB /* Base */,
			);
			name = LaunchScreen.storyboard;
			sourceTree = "<group>";
		};
/* End PBXVariantGroup section */

/* Begin XCBuildConfiguration section */
		8433BD2E2317F53600A52CBB /* Debug */ = {
			isa = XCBuildConfiguration;
			buildSettings = {
				ALWAYS_SEARCH_USER_PATHS = NO;
				CLANG_ANALYZER_NONNULL = YES;
				CLANG_ANALYZER_NUMBER_OBJECT_CONVERSION = YES_AGGRESSIVE;
				CLANG_CXX_LANGUAGE_STANDARD = "gnu++14";
				CLANG_CXX_LIBRARY = "libc++";
				CLANG_ENABLE_MODULES = YES;
				CLANG_ENABLE_OBJC_ARC = YES;
				CLANG_ENABLE_OBJC_WEAK = YES;
				CLANG_WARN_BLOCK_CAPTURE_AUTORELEASING = YES;
				CLANG_WARN_BOOL_CONVERSION = YES;
				CLANG_WARN_COMMA = YES;
				CLANG_WARN_CONSTANT_CONVERSION = YES;
				CLANG_WARN_DEPRECATED_OBJC_IMPLEMENTATIONS = YES;
				CLANG_WARN_DIRECT_OBJC_ISA_USAGE = YES_ERROR;
				CLANG_WARN_DOCUMENTATION_COMMENTS = YES;
				CLANG_WARN_EMPTY_BODY = YES;
				CLANG_WARN_ENUM_CONVERSION = YES;
				CLANG_WARN_INFINITE_RECURSION = YES;
				CLANG_WARN_INT_CONVERSION = YES;
				CLANG_WARN_NON_LITERAL_NULL_CONVERSION = YES;
				CLANG_WARN_OBJC_IMPLICIT_RETAIN_SELF = YES;
				CLANG_WARN_OBJC_LITERAL_CONVERSION = YES;
				CLANG_WARN_OBJC_ROOT_CLASS = YES_ERROR;
				CLANG_WARN_RANGE_LOOP_ANALYSIS = YES;
				CLANG_WARN_STRICT_PROTOTYPES = YES;
				CLANG_WARN_SUSPICIOUS_MOVE = YES;
				CLANG_WARN_UNGUARDED_AVAILABILITY = YES_AGGRESSIVE;
				CLANG_WARN_UNREACHABLE_CODE = YES;
				CLANG_WARN__DUPLICATE_METHOD_MATCH = YES;
				CODE_SIGN_IDENTITY = "iPhone Developer";
				COPY_PHASE_STRIP = NO;
				DEBUG_INFORMATION_FORMAT = dwarf;
				ENABLE_STRICT_OBJC_MSGSEND = YES;
				ENABLE_TESTABILITY = YES;
				GCC_C_LANGUAGE_STANDARD = gnu11;
				GCC_DYNAMIC_NO_PIC = NO;
				GCC_NO_COMMON_BLOCKS = YES;
				GCC_OPTIMIZATION_LEVEL = 0;
				GCC_PREPROCESSOR_DEFINITIONS = (
					"DEBUG=1",
					"$(inherited)",
				);
				GCC_WARN_64_TO_32_BIT_CONVERSION = YES;
				GCC_WARN_ABOUT_RETURN_TYPE = YES_ERROR;
				GCC_WARN_UNDECLARED_SELECTOR = YES;
				GCC_WARN_UNINITIALIZED_AUTOS = YES_AGGRESSIVE;
				GCC_WARN_UNUSED_FUNCTION = YES;
				GCC_WARN_UNUSED_VARIABLE = YES;
				IPHONEOS_DEPLOYMENT_TARGET = 12.2;
				MTL_ENABLE_DEBUG_INFO = INCLUDE_SOURCE;
				MTL_FAST_MATH = YES;
				ONLY_ACTIVE_ARCH = YES;
				SDKROOT = iphoneos;
				SWIFT_ACTIVE_COMPILATION_CONDITIONS = DEBUG;
				SWIFT_OPTIMIZATION_LEVEL = "-Onone";
			};
			name = Debug;
		};
		8433BD2F2317F53600A52CBB /* Release */ = {
			isa = XCBuildConfiguration;
			buildSettings = {
				ALWAYS_SEARCH_USER_PATHS = NO;
				CLANG_ANALYZER_NONNULL = YES;
				CLANG_ANALYZER_NUMBER_OBJECT_CONVERSION = YES_AGGRESSIVE;
				CLANG_CXX_LANGUAGE_STANDARD = "gnu++14";
				CLANG_CXX_LIBRARY = "libc++";
				CLANG_ENABLE_MODULES = YES;
				CLANG_ENABLE_OBJC_ARC = YES;
				CLANG_ENABLE_OBJC_WEAK = YES;
				CLANG_WARN_BLOCK_CAPTURE_AUTORELEASING = YES;
				CLANG_WARN_BOOL_CONVERSION = YES;
				CLANG_WARN_COMMA = YES;
				CLANG_WARN_CONSTANT_CONVERSION = YES;
				CLANG_WARN_DEPRECATED_OBJC_IMPLEMENTATIONS = YES;
				CLANG_WARN_DIRECT_OBJC_ISA_USAGE = YES_ERROR;
				CLANG_WARN_DOCUMENTATION_COMMENTS = YES;
				CLANG_WARN_EMPTY_BODY = YES;
				CLANG_WARN_ENUM_CONVERSION = YES;
				CLANG_WARN_INFINITE_RECURSION = YES;
				CLANG_WARN_INT_CONVERSION = YES;
				CLANG_WARN_NON_LITERAL_NULL_CONVERSION = YES;
				CLANG_WARN_OBJC_IMPLICIT_RETAIN_SELF = YES;
				CLANG_WARN_OBJC_LITERAL_CONVERSION = YES;
				CLANG_WARN_OBJC_ROOT_CLASS = YES_ERROR;
				CLANG_WARN_RANGE_LOOP_ANALYSIS = YES;
				CLANG_WARN_STRICT_PROTOTYPES = YES;
				CLANG_WARN_SUSPICIOUS_MOVE = YES;
				CLANG_WARN_UNGUARDED_AVAILABILITY = YES_AGGRESSIVE;
				CLANG_WARN_UNREACHABLE_CODE = YES;
				CLANG_WARN__DUPLICATE_METHOD_MATCH = YES;
				CODE_SIGN_IDENTITY = "iPhone Developer";
				COPY_PHASE_STRIP = NO;
				DEBUG_INFORMATION_FORMAT = "dwarf-with-dsym";
				ENABLE_NS_ASSERTIONS = NO;
				ENABLE_STRICT_OBJC_MSGSEND = YES;
				GCC_C_LANGUAGE_STANDARD = gnu11;
				GCC_NO_COMMON_BLOCKS = YES;
				GCC_WARN_64_TO_32_BIT_CONVERSION = YES;
				GCC_WARN_ABOUT_RETURN_TYPE = YES_ERROR;
				GCC_WARN_UNDECLARED_SELECTOR = YES;
				GCC_WARN_UNINITIALIZED_AUTOS = YES_AGGRESSIVE;
				GCC_WARN_UNUSED_FUNCTION = YES;
				GCC_WARN_UNUSED_VARIABLE = YES;
				IPHONEOS_DEPLOYMENT_TARGET = 12.2;
				MTL_ENABLE_DEBUG_INFO = NO;
				MTL_FAST_MATH = YES;
				SDKROOT = iphoneos;
				SWIFT_COMPILATION_MODE = wholemodule;
				SWIFT_OPTIMIZATION_LEVEL = "-O";
				VALIDATE_PRODUCT = YES;
			};
			name = Release;
		};
		8433BD312317F53600A52CBB /* Debug */ = {
			isa = XCBuildConfiguration;
			baseConfigurationReference = 4C7A208DDB48D9F321EBC9E9 /* Pods-TheMovieDb.debug.xcconfig */;
			buildSettings = {
				ASSETCATALOG_COMPILER_APPICON_NAME = AppIcon;
				CODE_SIGN_STYLE = Automatic;
				INFOPLIST_FILE = TheMovieDb/Info.plist;
				LD_RUNPATH_SEARCH_PATHS = (
					"$(inherited)",
					"@executable_path/Frameworks",
				);
				PRODUCT_BUNDLE_IDENTIFIER = IbtikarPro.TheMovieDb;
				PRODUCT_NAME = "$(TARGET_NAME)";
				SWIFT_VERSION = 5.0;
				TARGETED_DEVICE_FAMILY = "1,2";
			};
			name = Debug;
		};
		8433BD322317F53600A52CBB /* Release */ = {
			isa = XCBuildConfiguration;
			baseConfigurationReference = F3E0DA307B42561A20CCA613 /* Pods-TheMovieDb.release.xcconfig */;
			buildSettings = {
				ASSETCATALOG_COMPILER_APPICON_NAME = AppIcon;
				CODE_SIGN_STYLE = Automatic;
				INFOPLIST_FILE = TheMovieDb/Info.plist;
				LD_RUNPATH_SEARCH_PATHS = (
					"$(inherited)",
					"@executable_path/Frameworks",
				);
				PRODUCT_BUNDLE_IDENTIFIER = IbtikarPro.TheMovieDb;
				PRODUCT_NAME = "$(TARGET_NAME)";
				SWIFT_VERSION = 5.0;
				TARGETED_DEVICE_FAMILY = "1,2";
			};
			name = Release;
		};
		8433BD342317F53600A52CBB /* Debug */ = {
			isa = XCBuildConfiguration;
			baseConfigurationReference = E58547A5A50DD03F2933125E /* Pods-TheMovieDbTests.debug.xcconfig */;
			buildSettings = {
				ALWAYS_EMBED_SWIFT_STANDARD_LIBRARIES = YES;
				BUNDLE_LOADER = "$(TEST_HOST)";
				CODE_SIGN_STYLE = Automatic;
				INFOPLIST_FILE = TheMovieDbTests/Info.plist;
				LD_RUNPATH_SEARCH_PATHS = (
					"$(inherited)",
					"@executable_path/Frameworks",
					"@loader_path/Frameworks",
				);
				PRODUCT_BUNDLE_IDENTIFIER = IbtikarPro.TheMovieDbTests;
				PRODUCT_NAME = "$(TARGET_NAME)";
				SWIFT_VERSION = 5.0;
				TARGETED_DEVICE_FAMILY = "1,2";
				TEST_HOST = "$(BUILT_PRODUCTS_DIR)/TheMovieDb.app/TheMovieDb";
				b = "";
			};
			name = Debug;
		};
		8433BD352317F53600A52CBB /* Release */ = {
			isa = XCBuildConfiguration;
			baseConfigurationReference = B85F34C4C2FC16EBE31C95B8 /* Pods-TheMovieDbTests.release.xcconfig */;
			buildSettings = {
				ALWAYS_EMBED_SWIFT_STANDARD_LIBRARIES = YES;
				BUNDLE_LOADER = "$(TEST_HOST)";
				CODE_SIGN_STYLE = Automatic;
				INFOPLIST_FILE = TheMovieDbTests/Info.plist;
				LD_RUNPATH_SEARCH_PATHS = (
					"$(inherited)",
					"@executable_path/Frameworks",
					"@loader_path/Frameworks",
				);
				PRODUCT_BUNDLE_IDENTIFIER = IbtikarPro.TheMovieDbTests;
				PRODUCT_NAME = "$(TARGET_NAME)";
				SWIFT_VERSION = 5.0;
				TARGETED_DEVICE_FAMILY = "1,2";
				TEST_HOST = "$(BUILT_PRODUCTS_DIR)/TheMovieDb.app/TheMovieDb";
				b = "";
			};
			name = Release;
		};
		92EF4FF9233B6CC60088F873 /* Debug */ = {
			isa = XCBuildConfiguration;
			baseConfigurationReference = F265E3F58DFC306FFED490CE /* Pods-TheMovieDbHomeUITests.debug.xcconfig */;
			buildSettings = {
				BUNDLE_LOADER = "";
				CODE_SIGN_STYLE = Automatic;
				INFOPLIST_FILE = TheMovieDbHomeUITests/Info.plist;
				IPHONEOS_DEPLOYMENT_TARGET = 12.4;
				LD_RUNPATH_SEARCH_PATHS = (
					"$(inherited)",
					"@executable_path/Frameworks",
					"@loader_path/Frameworks",
				);
				PRODUCT_BUNDLE_IDENTIFIER = com.saragalal.TheMovieDbHomeUITests;
				PRODUCT_NAME = "$(TARGET_NAME)";
				SWIFT_VERSION = 5.0;
				TARGETED_DEVICE_FAMILY = "1,2";
				TEST_HOST = "";
				TEST_TARGET_NAME = TheMovieDb;
			};
			name = Debug;
		};
		92EF4FFA233B6CC60088F873 /* Release */ = {
			isa = XCBuildConfiguration;
			baseConfigurationReference = 664B76A6D3034518A73D0F2D /* Pods-TheMovieDbHomeUITests.release.xcconfig */;
			buildSettings = {
				CODE_SIGN_STYLE = Automatic;
				INFOPLIST_FILE = TheMovieDbHomeUITests/Info.plist;
				IPHONEOS_DEPLOYMENT_TARGET = 12.4;
				LD_RUNPATH_SEARCH_PATHS = (
					"$(inherited)",
					"@executable_path/Frameworks",
					"@loader_path/Frameworks",
				);
				PRODUCT_BUNDLE_IDENTIFIER = com.saragalal.TheMovieDbHomeUITests;
				PRODUCT_NAME = "$(TARGET_NAME)";
				SWIFT_VERSION = 5.0;
				TARGETED_DEVICE_FAMILY = "1,2";
				TEST_HOST = "";
				TEST_TARGET_NAME = TheMovieDb;
			};
			name = Release;
		};
/* End XCBuildConfiguration section */

/* Begin XCConfigurationList section */
		8433BD032317F51F00A52CBB /* Build configuration list for PBXProject "TheMovieDb" */ = {
			isa = XCConfigurationList;
			buildConfigurations = (
				8433BD2E2317F53600A52CBB /* Debug */,
				8433BD2F2317F53600A52CBB /* Release */,
			);
			defaultConfigurationIsVisible = 0;
			defaultConfigurationName = Release;
		};
		8433BD302317F53600A52CBB /* Build configuration list for PBXNativeTarget "TheMovieDb" */ = {
			isa = XCConfigurationList;
			buildConfigurations = (
				8433BD312317F53600A52CBB /* Debug */,
				8433BD322317F53600A52CBB /* Release */,
			);
			defaultConfigurationIsVisible = 0;
			defaultConfigurationName = Release;
		};
		8433BD332317F53600A52CBB /* Build configuration list for PBXNativeTarget "TheMovieDbTests" */ = {
			isa = XCConfigurationList;
			buildConfigurations = (
				8433BD342317F53600A52CBB /* Debug */,
				8433BD352317F53600A52CBB /* Release */,
			);
			defaultConfigurationIsVisible = 0;
			defaultConfigurationName = Release;
		};
		92EF4FF8233B6CC60088F873 /* Build configuration list for PBXNativeTarget "TheMovieDbHomeUITests" */ = {
			isa = XCConfigurationList;
			buildConfigurations = (
				92EF4FF9233B6CC60088F873 /* Debug */,
				92EF4FFA233B6CC60088F873 /* Release */,
			);
			defaultConfigurationIsVisible = 0;
			defaultConfigurationName = Release;
		};
/* End XCConfigurationList section */
	};
	rootObject = 8433BD002317F51F00A52CBB /* Project object */;
}
